// !$*UTF8*$!
{
	archiveVersion = 1;
	classes = {
	};
	objectVersion = 46;
	objects = {

/* Begin PBXBuildFile section */
		45BED3091BD4D69C006308C5 /* main.cpp in Sources */ = {isa = PBXBuildFile; fileRef = 45BED3081BD4D69C006308C5 /* main.cpp */; };
		45BED3171BD4EAAF006308C5 /* CartePoint.cpp in Sources */ = {isa = PBXBuildFile; fileRef = 45BED3121BD4EAAF006308C5 /* CartePoint.cpp */; settings = {ASSET_TAGS = (); }; };
		45BED3181BD4EAAF006308C5 /* CarteAction.cpp in Sources */ = {isa = PBXBuildFile; fileRef = 45BED3141BD4EAAF006308C5 /* CarteAction.cpp */; settings = {ASSET_TAGS = (); }; };
		45BED3191BD4EAAF006308C5 /* Carte.cpp in Sources */ = {isa = PBXBuildFile; fileRef = 45BED3161BD4EAAF006308C5 /* Carte.cpp */; settings = {ASSET_TAGS = (); }; };
		45BED31C1BD4EAE4006308C5 /* LesCartes.cpp in Sources */ = {isa = PBXBuildFile; fileRef = 45BED31A1BD4EAE4006308C5 /* LesCartes.cpp */; settings = {ASSET_TAGS = (); }; };
/* End PBXBuildFile section */

/* Begin PBXCopyFilesBuildPhase section */
		45BED3031BD4D69C006308C5 /* CopyFiles */ = {
			isa = PBXCopyFilesBuildPhase;
			buildActionMask = 2147483647;
			dstPath = /usr/share/man/man1/;
			dstSubfolderSpec = 0;
			files = (
			);
			runOnlyForDeploymentPostprocessing = 1;
		};
/* End PBXCopyFilesBuildPhase section */

/* Begin PBXFileReference section */
		45BED3051BD4D69C006308C5 /* Game_1000pts */ = {isa = PBXFileReference; explicitFileType = "compiled.mach-o.executable"; includeInIndex = 0; path = Game_1000pts; sourceTree = BUILT_PRODUCTS_DIR; };
		45BED3081BD4D69C006308C5 /* main.cpp */ = {isa = PBXFileReference; lastKnownFileType = sourcecode.cpp.cpp; path = main.cpp; sourceTree = "<group>"; };
		45BED3111BD4EAAF006308C5 /* CartePoint.h */ = {isa = PBXFileReference; fileEncoding = 4; lastKnownFileType = sourcecode.c.h; path = CartePoint.h; sourceTree = "<group>"; };
		45BED3121BD4EAAF006308C5 /* CartePoint.cpp */ = {isa = PBXFileReference; fileEncoding = 4; lastKnownFileType = sourcecode.cpp.cpp; path = CartePoint.cpp; sourceTree = "<group>"; };
		45BED3131BD4EAAF006308C5 /* CarteAction.h */ = {isa = PBXFileReference; fileEncoding = 4; lastKnownFileType = sourcecode.c.h; path = CarteAction.h; sourceTree = "<group>"; };
		45BED3141BD4EAAF006308C5 /* CarteAction.cpp */ = {isa = PBXFileReference; fileEncoding = 4; lastKnownFileType = sourcecode.cpp.cpp; path = CarteAction.cpp; sourceTree = "<group>"; };
		45BED3151BD4EAAF006308C5 /* Carte.h */ = {isa = PBXFileReference; fileEncoding = 4; lastKnownFileType = sourcecode.c.h; path = Carte.h; sourceTree = "<group>"; };
		45BED3161BD4EAAF006308C5 /* Carte.cpp */ = {isa = PBXFileReference; fileEncoding = 4; lastKnownFileType = sourcecode.cpp.cpp; path = Carte.cpp; sourceTree = "<group>"; };
		45BED31A1BD4EAE4006308C5 /* LesCartes.cpp */ = {isa = PBXFileReference; fileEncoding = 4; lastKnownFileType = sourcecode.cpp.cpp; path = LesCartes.cpp; sourceTree = "<group>"; };
		45BED31B1BD4EAE4006308C5 /* LesCartes.hpp */ = {isa = PBXFileReference; fileEncoding = 4; lastKnownFileType = sourcecode.cpp.h; path = LesCartes.hpp; sourceTree = "<group>"; };
/* End PBXFileReference section */

/* Begin PBXFrameworksBuildPhase section */
		45BED3021BD4D69C006308C5 /* Frameworks */ = {
			isa = PBXFrameworksBuildPhase;
			buildActionMask = 2147483647;
			files = (
			);
			runOnlyForDeploymentPostprocessing = 0;
		};
/* End PBXFrameworksBuildPhase section */

/* Begin PBXGroup section */
		45BED2FC1BD4D69C006308C5 = {
			isa = PBXGroup;
			children = (
				45BED3071BD4D69C006308C5 /* Game_1000pts */,
				45BED3061BD4D69C006308C5 /* Products */,
			);
			sourceTree = "<group>";
		};
		45BED3061BD4D69C006308C5 /* Products */ = {
			isa = PBXGroup;
			children = (
				45BED3051BD4D69C006308C5 /* Game_1000pts */,
			);
			name = Products;
			sourceTree = "<group>";
		};
		45BED3071BD4D69C006308C5 /* Game_1000pts */ = {
			isa = PBXGroup;
			children = (
				45BED3081BD4D69C006308C5 /* main.cpp */,
				45BED31A1BD4EAE4006308C5 /* LesCartes.cpp */,
				45BED31B1BD4EAE4006308C5 /* LesCartes.hpp */,
				45BED3111BD4EAAF006308C5 /* CartePoint.h */,
				45BED3121BD4EAAF006308C5 /* CartePoint.cpp */,
				45BED3131BD4EAAF006308C5 /* CarteAction.h */,
				45BED3141BD4EAAF006308C5 /* CarteAction.cpp */,
				45BED3151BD4EAAF006308C5 /* Carte.h */,
				45BED3161BD4EAAF006308C5 /* Carte.cpp */,
			);
			path = Game_1000pts;
			sourceTree = "<group>";
		};
/* End PBXGroup section */

/* Begin PBXNativeTarget section */
		45BED3041BD4D69C006308C5 /* Game_1000pts */ = {
			isa = PBXNativeTarget;
			buildConfigurationList = 45BED30C1BD4D69C006308C5 /* Build configuration list for PBXNativeTarget "Game_1000pts" */;
			buildPhases = (
				45BED3011BD4D69C006308C5 /* Sources */,
				45BED3021BD4D69C006308C5 /* Frameworks */,
				45BED3031BD4D69C006308C5 /* CopyFiles */,
			);
			buildRules = (
			);
			dependencies = (
			);
			name = Game_1000pts;
			productName = Game_1000pts;
			productReference = 45BED3051BD4D69C006308C5 /* Game_1000pts */;
			productType = "com.apple.product-type.tool";
		};
/* End PBXNativeTarget section */

/* Begin PBXProject section */
		45BED2FD1BD4D69C006308C5 /* Project object */ = {
			isa = PBXProject;
			attributes = {
				LastUpgradeCheck = 0700;
				ORGANIZATIONNAME = Centrale;
				TargetAttributes = {
					45BED3041BD4D69C006308C5 = {
						CreatedOnToolsVersion = 7.0.1;
					};
				};
			};
			buildConfigurationList = 45BED3001BD4D69C006308C5 /* Build configuration list for PBXProject "Game_1000pts" */;
			compatibilityVersion = "Xcode 3.2";
			developmentRegion = English;
			hasScannedForEncodings = 0;
			knownRegions = (
				en,
			);
			mainGroup = 45BED2FC1BD4D69C006308C5;
			productRefGroup = 45BED3061BD4D69C006308C5 /* Products */;
			projectDirPath = "";
			projectRoot = "";
			targets = (
				45BED3041BD4D69C006308C5 /* Game_1000pts */,
			);
		};
/* End PBXProject section */

/* Begin PBXSourcesBuildPhase section */
		45BED3011BD4D69C006308C5 /* Sources */ = {
			isa = PBXSourcesBuildPhase;
			buildActionMask = 2147483647;
			files = (
				45BED31C1BD4EAE4006308C5 /* LesCartes.cpp in Sources */,
				45BED3171BD4EAAF006308C5 /* CartePoint.cpp in Sources */,
				45BED3191BD4EAAF006308C5 /* Carte.cpp in Sources */,
				45BED3091BD4D69C006308C5 /* main.cpp in Sources */,
				45BED3181BD4EAAF006308C5 /* CarteAction.cpp in Sources */,
			);
			runOnlyForDeploymentPostprocessing = 0;
		};
/* End PBXSourcesBuildPhase section */

/* Begin XCBuildConfiguration section */
		45BED30A1BD4D69C006308C5 /* Debug */ = {
			isa = XCBuildConfiguration;
			buildSettings = {
				ALWAYS_SEARCH_USER_PATHS = NO;
				CLANG_CXX_LANGUAGE_STANDARD = "gnu++0x";
				CLANG_CXX_LIBRARY = "libc++";
				CLANG_ENABLE_MODULES = YES;
				CLANG_ENABLE_OBJC_ARC = YES;
				CLANG_WARN_BOOL_CONVERSION = YES;
				CLANG_WARN_CONSTANT_CONVERSION = YES;
				CLANG_WARN_DIRECT_OBJC_ISA_USAGE = YES_ERROR;
				CLANG_WARN_EMPTY_BODY = YES;
				CLANG_WARN_ENUM_CONVERSION = YES;
				CLANG_WARN_INT_CONVERSION = YES;
				CLANG_WARN_OBJC_ROOT_CLASS = YES_ERROR;
				CLANG_WARN_UNREACHABLE_CODE = YES;
				CLANG_WARN__DUPLICATE_METHOD_MATCH = YES;
				COPY_PHASE_STRIP = NO;
				DEBUG_INFORMATION_FORMAT = dwarf;
				ENABLE_STRICT_OBJC_MSGSEND = YES;
				ENABLE_TESTABILITY = YES;
				GCC_C_LANGUAGE_STANDARD = gnu99;
				GCC_DYNAMIC_NO_PIC = NO;
				GCC_NO_COMMON_BLOCKS = YES;
				GCC_OPTIMIZATION_LEVEL = 0;
				GCC_PREPROCESSOR_DEFINITIONS = (
					"DEBUG=1",
					"$(inherited)",
				);
				GCC_WARN_64_TO_32_BIT_CONVERSION = YES;
				GCC_WARN_ABOUT_RETURN_TYPE = YES_ERROR;
				GCC_WARN_UNDECLARED_SELECTOR = YES;
				GCC_WARN_UNINITIALIZED_AUTOS = YES_AGGRESSIVE;
				GCC_WARN_UNUSED_FUNCTION = YES;
				GCC_WARN_UNUSED_VARIABLE = YES;
				MACOSX_DEPLOYMENT_TARGET = 10.11;
				MTL_ENABLE_DEBUG_INFO = YES;
				ONLY_ACTIVE_ARCH = YES;
				SDKROOT = macosx;
			};
			name = Debug;
		};
		45BED30B1BD4D69C006308C5 /* Release */ = {
			isa = XCBuildConfiguration;
			buildSettings = {
				ALWAYS_SEARCH_USER_PATHS = NO;
				CLANG_CXX_LANGUAGE_STANDARD = "gnu++0x";
				CLANG_CXX_LIBRARY = "libc++";
				CLANG_ENABLE_MODULES = YES;
				CLANG_ENABLE_OBJC_ARC = YES;
				CLANG_WARN_BOOL_CONVERSION = YES;
				CLANG_WARN_CONSTANT_CONVERSION = YES;
				CLANG_WARN_DIRECT_OBJC_ISA_USAGE = YES_ERROR;
				CLANG_WARN_EMPTY_BODY = YES;
				CLANG_WARN_ENUM_CONVERSION = YES;
				CLANG_WARN_INT_CONVERSION = YES;
				CLANG_WARN_OBJC_ROOT_CLASS = YES_ERROR;
				CLANG_WARN_UNREACHABLE_CODE = YES;
				CLANG_WARN__DUPLICATE_METHOD_MATCH = YES;
				COPY_PHASE_STRIP = NO;
				DEBUG_INFORMATION_FORMAT = "dwarf-with-dsym";
				ENABLE_NS_ASSERTIONS = NO;
				ENABLE_STRICT_OBJC_MSGSEND = YES;
				GCC_C_LANGUAGE_STANDARD = gnu99;
				GCC_NO_COMMON_BLOCKS = YES;
				GCC_WARN_64_TO_32_BIT_CONVERSION = YES;
				GCC_WARN_ABOUT_RETURN_TYPE = YES_ERROR;
				GCC_WARN_UNDECLARED_SELECTOR = YES;
				GCC_WARN_UNINITIALIZED_AUTOS = YES_AGGRESSIVE;
				GCC_WARN_UNUSED_FUNCTION = YES;
				GCC_WARN_UNUSED_VARIABLE = YES;
				MACOSX_DEPLOYMENT_TARGET = 10.11;
				MTL_ENABLE_DEBUG_INFO = NO;
				SDKROOT = macosx;
			};
			name = Release;
		};
		45BED30D1BD4D69C006308C5 /* Debug */ = {
			isa = XCBuildConfiguration;
			buildSettings = {
				PRODUCT_NAME = "$(TARGET_NAME)";
			};
			name = Debug;
		};
		45BED30E1BD4D69C006308C5 /* Release */ = {
			isa = XCBuildConfiguration;
			buildSettings = {
				PRODUCT_NAME = "$(TARGET_NAME)";
			};
			name = Release;
		};
/* End XCBuildConfiguration section */

/* Begin XCConfigurationList section */
		45BED3001BD4D69C006308C5 /* Build configuration list for PBXProject "Game_1000pts" */ = {
			isa = XCConfigurationList;
			buildConfigurations = (
				45BED30A1BD4D69C006308C5 /* Debug */,
				45BED30B1BD4D69C006308C5 /* Release */,
			);
			defaultConfigurationIsVisible = 0;
			defaultConfigurationName = Release;
		};
		45BED30C1BD4D69C006308C5 /* Build configuration list for PBXNativeTarget "Game_1000pts" */ = {
			isa = XCConfigurationList;
			buildConfigurations = (
				45BED30D1BD4D69C006308C5 /* Debug */,
				45BED30E1BD4D69C006308C5 /* Release */,
			);
			defaultConfigurationIsVisible = 0;
		};
/* End XCConfigurationList section */
	};
	rootObject = 45BED2FD1BD4D69C006308C5 /* Project object */;
}
